
Microsoft Visual Studio Solution File, Format Version 12.00
# Visual Studio Version 17
VisualStudioVersion = 17.5.33530.505
MinimumVisualStudioVersion = 10.0.40219.1
Project("{9A19103F-16F7-4668-BE54-9A1E7A4F7556}") = "MiniSale.Interfaces", "MiniSale.Interfaces\MiniSale.Interfaces.csproj", "{4E163165-24BD-4AC9-A9F5-82B75F13442A}"
EndProject
Project("{9A19103F-16F7-4668-BE54-9A1E7A4F7556}") = "MiniSale.Api", "MiniSale.Api\MiniSale.Api.csproj", "{FDE380E5-CE42-4F41-BCB4-7E72A172BB7B}"
EndProject
Project("{9A19103F-16F7-4668-BE54-9A1E7A4F7556}") = "MiniSale.Generic.Repository", "MiniSale.Generic.Repository\MiniSale.Generic.Repository.csproj", "{A96B37B2-BD4E-4745-837A-C42437AFB8F6}"
EndProject
Project("{9A19103F-16F7-4668-BE54-9A1E7A4F7556}") = "MiniSale.DummyData", "MiniSale.DummyData\MiniSale.DummyData.csproj", "{A42B3155-A3F6-4D75-9FB2-60A4A2064C42}"
EndProject
Project("{54A90642-561A-4BB1-A94E-469ADEE60C69}") = "MiniSale.Web.UI", "MiniSale.Web.UI\MiniSale.Web.UI.esproj", "{767A7793-D9E0-40F5-98B2-4F4AEC7C9C30}"
EndProject
Global
	GlobalSection(SolutionConfigurationPlatforms) = preSolution
		Debug|Any CPU = Debug|Any CPU
		Release|Any CPU = Release|Any CPU
	EndGlobalSection
	GlobalSection(ProjectConfigurationPlatforms) = postSolution
		{4E163165-24BD-4AC9-A9F5-82B75F13442A}.Debug|Any CPU.ActiveCfg = Debug|Any CPU
		{4E163165-24BD-4AC9-A9F5-82B75F13442A}.Debug|Any CPU.Build.0 = Debug|Any CPU
		{4E163165-24BD-4AC9-A9F5-82B75F13442A}.Release|Any CPU.ActiveCfg = Release|Any CPU
		{4E163165-24BD-4AC9-A9F5-82B75F13442A}.Release|Any CPU.Build.0 = Release|Any CPU
		{FDE380E5-CE42-4F41-BCB4-7E72A172BB7B}.Debug|Any CPU.ActiveCfg = Debug|Any CPU
		{FDE380E5-CE42-4F41-BCB4-7E72A172BB7B}.Debug|Any CPU.Build.0 = Debug|Any CPU
		{FDE380E5-CE42-4F41-BCB4-7E72A172BB7B}.Release|Any CPU.ActiveCfg = Release|Any CPU
		{FDE380E5-CE42-4F41-BCB4-7E72A172BB7B}.Release|Any CPU.Build.0 = Release|Any CPU
		{A96B37B2-BD4E-4745-837A-C42437AFB8F6}.Debug|Any CPU.ActiveCfg = Debug|Any CPU
		{A96B37B2-BD4E-4745-837A-C42437AFB8F6}.Debug|Any CPU.Build.0 = Debug|Any CPU
		{A96B37B2-BD4E-4745-837A-C42437AFB8F6}.Release|Any CPU.ActiveCfg = Release|Any CPU
		{A96B37B2-BD4E-4745-837A-C42437AFB8F6}.Release|Any CPU.Build.0 = Release|Any CPU
		{A42B3155-A3F6-4D75-9FB2-60A4A2064C42}.Debug|Any CPU.ActiveCfg = Debug|Any CPU
		{A42B3155-A3F6-4D75-9FB2-60A4A2064C42}.Debug|Any CPU.Build.0 = Debug|Any CPU
		{A42B3155-A3F6-4D75-9FB2-60A4A2064C42}.Release|Any CPU.ActiveCfg = Release|Any CPU
		{A42B3155-A3F6-4D75-9FB2-60A4A2064C42}.Release|Any CPU.Build.0 = Release|Any CPU
		{767A7793-D9E0-40F5-98B2-4F4AEC7C9C30}.Debug|Any CPU.ActiveCfg = Debug|Any CPU
		{767A7793-D9E0-40F5-98B2-4F4AEC7C9C30}.Debug|Any CPU.Build.0 = Debug|Any CPU
		{767A7793-D9E0-40F5-98B2-4F4AEC7C9C30}.Debug|Any CPU.Deploy.0 = Debug|Any CPU
		{767A7793-D9E0-40F5-98B2-4F4AEC7C9C30}.Release|Any CPU.ActiveCfg = Release|Any CPU
		{767A7793-D9E0-40F5-98B2-4F4AEC7C9C30}.Release|Any CPU.Build.0 = Release|Any CPU
		{767A7793-D9E0-40F5-98B2-4F4AEC7C9C30}.Release|Any CPU.Deploy.0 = Release|Any CPU
	EndGlobalSection
	GlobalSection(SolutionProperties) = preSolution
		HideSolutionNode = FALSE
	EndGlobalSection
	GlobalSection(ExtensibilityGlobals) = postSolution
		SolutionGuid = {707C792D-F626-4305-A82E-617FA4F3120A}
	EndGlobalSection
EndGlobal
